{
  "nodes": {
    "nixpkgs": {
      "locked": {
        "lastModified": 1772788884,
        "narHash": "sha256-7Bj0hz9nLVBDFnEz02cT2n/Jsamfad5LEGykOyiRHds=",
        "owner": "NixOS",
        "repo": "nixpkgs",
        "rev": "25b41fa5cd0cb028bf2f2a538107bd990fbc5a85",
        "type": "github"
      },
      "original": {
        "owner": "NixOS",
        "repo": "nixpkgs",
        "type": "github"
      }
    },
    "root": {
      "inputs": {
        "nixpkgs": "nixpkgs"
      }
    }
  },
  "root": "root",
  "version": 7
}
