{
  "nodes": {
    "nixpkgs": {
      "locked": {
        "lastModified": 1769447845,
        "narHash": "sha256-WWB6EDFokH72/0f+fBQvm6pglBTuBNvzboORx6EvVkk=",
        "owner": "NixOS",
        "repo": "nixpkgs",
        "rev": "16f4143e72305eeb5067112e16b024584494a671",
        "type": "github"
      },
      "original": {
        "owner": "NixOS",
        "repo": "nixpkgs",
        "type": "github"
      }
    },
    "root": {
      "inputs": {
        "nixpkgs": "nixpkgs"
      }
    }
  },
  "root": "root",
  "version": 7
}
